
Microsoft Visual Studio Solution File, Format Version 12.00
# Visual Studio 15
VisualStudioVersion = 15.0.28307.1525
MinimumVisualStudioVersion = 10.0.40219.1
Project("{FAE04EC0-301F-11D3-BF4B-00C04F79EFBC}") = "App2.Android", "App2\App2.Android\App2.Android.csproj", "{22C9D178-081A-4D2D-B64A-65790C015429}"
EndProject
Project("{FAE04EC0-301F-11D3-BF4B-00C04F79EFBC}") = "App2.iOS", "App2\App2.iOS\App2.iOS.csproj", "{C2E5C694-2FCB-4613-9C9D-D35EACFA028D}"
EndProject
Project("{9A19103F-16F7-4668-BE54-9A1E7A4F7556}") = "App2", "App2\App2\App2.csproj", "{205DF2B1-699A-4E6D-A619-6DB7655E0C3F}"
EndProject
Global
	GlobalSection(SolutionConfigurationPlatforms) = preSolution
		Ad-Hoc|Any CPU = Ad-Hoc|Any CPU
		Ad-Hoc|iPhone = Ad-Hoc|iPhone
		Ad-Hoc|iPhoneSimulator = Ad-Hoc|iPhoneSimulator
		AppStore|Any CPU = AppStore|Any CPU
		AppStore|iPhone = AppStore|iPhone
		AppStore|iPhoneSimulator = AppStore|iPhoneSimulator
		Debug|Any CPU = Debug|Any CPU
		Debug|iPhone = Debug|iPhone
		Debug|iPhoneSimulator = Debug|iPhoneSimulator
		Release|Any CPU = Release|Any CPU
		Release|iPhone = Release|iPhone
		Release|iPhoneSimulator = Release|iPhoneSimulator
	EndGlobalSection
	GlobalSection(ProjectConfigurationPlatforms) = postSolution
		{22C9D178-081A-4D2D-B64A-65790C015429}.Ad-Hoc|Any CPU.ActiveCfg = Release|Any CPU
		{22C9D178-081A-4D2D-B64A-65790C015429}.Ad-Hoc|Any CPU.Build.0 = Release|Any CPU
		{22C9D178-081A-4D2D-B64A-65790C015429}.Ad-Hoc|Any CPU.Deploy.0 = Release|Any CPU
		{22C9D178-081A-4D2D-B64A-65790C015429}.Ad-Hoc|iPhone.ActiveCfg = Release|Any CPU
		{22C9D178-081A-4D2D-B64A-65790C015429}.Ad-Hoc|iPhone.Build.0 = Release|Any CPU
		{22C9D178-081A-4D2D-B64A-65790C015429}.Ad-Hoc|iPhone.Deploy.0 = Release|Any CPU
		{22C9D178-081A-4D2D-B64A-65790C015429}.Ad-Hoc|iPhoneSimulator.ActiveCfg = Release|Any CPU
		{22C9D178-081A-4D2D-B64A-65790C015429}.Ad-Hoc|iPhoneSimulator.Build.0 = Release|Any CPU
		{22C9D178-081A-4D2D-B64A-65790C015429}.Ad-Hoc|iPhoneSimulator.Deploy.0 = Release|Any CPU
		{22C9D178-081A-4D2D-B64A-65790C015429}.AppStore|Any CPU.ActiveCfg = Release|Any CPU
		{22C9D178-081A-4D2D-B64A-65790C015429}.AppStore|Any CPU.Build.0 = Release|Any CPU
		{22C9D178-081A-4D2D-B64A-65790C015429}.AppStore|Any CPU.Deploy.0 = Release|Any CPU
		{22C9D178-081A-4D2D-B64A-65790C015429}.AppStore|iPhone.ActiveCfg = Release|Any CPU
		{22C9D178-081A-4D2D-B64A-65790C015429}.AppStore|iPhone.Build.0 = Release|Any CPU
		{22C9D178-081A-4D2D-B64A-65790C015429}.AppStore|iPhone.Deploy.0 = Release|Any CPU
		{22C9D178-081A-4D2D-B64A-65790C015429}.AppStore|iPhoneSimulator.ActiveCfg = Release|Any CPU
		{22C9D178-081A-4D2D-B64A-65790C015429}.AppStore|iPhoneSimulator.Build.0 = Release|Any CPU
		{22C9D178-081A-4D2D-B64A-65790C015429}.AppStore|iPhoneSimulator.Deploy.0 = Release|Any CPU
		{22C9D178-081A-4D2D-B64A-65790C015429}.Debug|Any CPU.ActiveCfg = Debug|Any CPU
		{22C9D178-081A-4D2D-B64A-65790C015429}.Debug|Any CPU.Build.0 = Debug|Any CPU
		{22C9D178-081A-4D2D-B64A-65790C015429}.Debug|Any CPU.Deploy.0 = Debug|Any CPU
		{22C9D178-081A-4D2D-B64A-65790C015429}.Debug|iPhone.ActiveCfg = Debug|Any CPU
		{22C9D178-081A-4D2D-B64A-65790C015429}.Debug|iPhone.Build.0 = Debug|Any CPU
		{22C9D178-081A-4D2D-B64A-65790C015429}.Debug|iPhone.Deploy.0 = Debug|Any CPU
		{22C9D178-081A-4D2D-B64A-65790C015429}.Debug|iPhoneSimulator.ActiveCfg = Debug|Any CPU
		{22C9D178-081A-4D2D-B64A-65790C015429}.Debug|iPhoneSimulator.Build.0 = Debug|Any CPU
		{22C9D178-081A-4D2D-B64A-65790C015429}.Debug|iPhoneSimulator.Deploy.0 = Debug|Any CPU
		{22C9D178-081A-4D2D-B64A-65790C015429}.Release|Any CPU.ActiveCfg = Release|Any CPU
		{22C9D178-081A-4D2D-B64A-65790C015429}.Release|Any CPU.Build.0 = Release|Any CPU
		{22C9D178-081A-4D2D-B64A-65790C015429}.Release|Any CPU.Deploy.0 = Release|Any CPU
		{22C9D178-081A-4D2D-B64A-65790C015429}.Release|iPhone.ActiveCfg = Release|Any CPU
		{22C9D178-081A-4D2D-B64A-65790C015429}.Release|iPhone.Build.0 = Release|Any CPU
		{22C9D178-081A-4D2D-B64A-65790C015429}.Release|iPhone.Deploy.0 = Release|Any CPU
		{22C9D178-081A-4D2D-B64A-65790C015429}.Release|iPhoneSimulator.ActiveCfg = Release|Any CPU
		{22C9D178-081A-4D2D-B64A-65790C015429}.Release|iPhoneSimulator.Build.0 = Release|Any CPU
		{22C9D178-081A-4D2D-B64A-65790C015429}.Release|iPhoneSimulator.Deploy.0 = Release|Any CPU
		{C2E5C694-2FCB-4613-9C9D-D35EACFA028D}.Ad-Hoc|Any CPU.ActiveCfg = Ad-Hoc|iPhone
		{C2E5C694-2FCB-4613-9C9D-D35EACFA028D}.Ad-Hoc|Any CPU.Build.0 = Ad-Hoc|iPhone
		{C2E5C694-2FCB-4613-9C9D-D35EACFA028D}.Ad-Hoc|Any CPU.Deploy.0 = Ad-Hoc|iPhone
		{C2E5C694-2FCB-4613-9C9D-D35EACFA028D}.Ad-Hoc|iPhone.ActiveCfg = Ad-Hoc|iPhone
		{C2E5C694-2FCB-4613-9C9D-D35EACFA028D}.Ad-Hoc|iPhone.Build.0 = Ad-Hoc|iPhone
		{C2E5C694-2FCB-4613-9C9D-D35EACFA028D}.Ad-Hoc|iPhone.Deploy.0 = Ad-Hoc|iPhone
		{C2E5C694-2FCB-4613-9C9D-D35EACFA028D}.Ad-Hoc|iPhoneSimulator.ActiveCfg = Ad-Hoc|iPhoneSimulator
		{C2E5C694-2FCB-4613-9C9D-D35EACFA028D}.Ad-Hoc|iPhoneSimulator.Build.0 = Ad-Hoc|iPhoneSimulator
		{C2E5C694-2FCB-4613-9C9D-D35EACFA028D}.Ad-Hoc|iPhoneSimulator.Deploy.0 = Ad-Hoc|iPhoneSimulator
		{C2E5C694-2FCB-4613-9C9D-D35EACFA028D}.AppStore|Any CPU.ActiveCfg = AppStore|iPhone
		{C2E5C694-2FCB-4613-9C9D-D35EACFA028D}.AppStore|Any CPU.Build.0 = AppStore|iPhone
		{C2E5C694-2FCB-4613-9C9D-D35EACFA028D}.AppStore|Any CPU.Deploy.0 = AppStore|iPhone
		{C2E5C694-2FCB-4613-9C9D-D35EACFA028D}.AppStore|iPhone.ActiveCfg = AppStore|iPhone
		{C2E5C694-2FCB-4613-9C9D-D35EACFA028D}.AppStore|iPhone.Build.0 = AppStore|iPhone
		{C2E5C694-2FCB-4613-9C9D-D35EACFA028D}.AppStore|iPhone.Deploy.0 = AppStore|iPhone
		{C2E5C694-2FCB-4613-9C9D-D35EACFA028D}.AppStore|iPhoneSimulator.ActiveCfg = AppStore|iPhoneSimulator
		{C2E5C694-2FCB-4613-9C9D-D35EACFA028D}.AppStore|iPhoneSimulator.Build.0 = AppStore|iPhoneSimulator
		{C2E5C694-2FCB-4613-9C9D-D35EACFA028D}.AppStore|iPhoneSimulator.Deploy.0 = AppStore|iPhoneSimulator
		{C2E5C694-2FCB-4613-9C9D-D35EACFA028D}.Debug|Any CPU.ActiveCfg = Debug|iPhoneSimulator
		{C2E5C694-2FCB-4613-9C9D-D35EACFA028D}.Debug|Any CPU.Build.0 = Debug|iPhoneSimulator
		{C2E5C694-2FCB-4613-9C9D-D35EACFA028D}.Debug|Any CPU.Deploy.0 = Debug|iPhoneSimulator
		{C2E5C694-2FCB-4613-9C9D-D35EACFA028D}.Debug|iPhone.ActiveCfg = Debug|iPhone
		{C2E5C694-2FCB-4613-9C9D-D35EACFA028D}.Debug|iPhone.Build.0 = Debug|iPhone
		{C2E5C694-2FCB-4613-9C9D-D35EACFA028D}.Debug|iPhone.Deploy.0 = Debug|iPhone
		{C2E5C694-2FCB-4613-9C9D-D35EACFA028D}.Debug|iPhoneSimulator.ActiveCfg = Debug|iPhoneSimulator
		{C2E5C694-2FCB-4613-9C9D-D35EACFA028D}.Debug|iPhoneSimulator.Build.0 = Debug|iPhoneSimulator
		{C2E5C694-2FCB-4613-9C9D-D35EACFA028D}.Debug|iPhoneSimulator.Deploy.0 = Debug|iPhoneSimulator
		{C2E5C694-2FCB-4613-9C9D-D35EACFA028D}.Release|Any CPU.ActiveCfg = Release|iPhone
		{C2E5C694-2FCB-4613-9C9D-D35EACFA028D}.Release|Any CPU.Build.0 = Release|iPhone
		{C2E5C694-2FCB-4613-9C9D-D35EACFA028D}.Release|Any CPU.Deploy.0 = Release|iPhone
		{C2E5C694-2FCB-4613-9C9D-D35EACFA028D}.Release|iPhone.ActiveCfg = Release|iPhone
		{C2E5C694-2FCB-4613-9C9D-D35EACFA028D}.Release|iPhone.Build.0 = Release|iPhone
		{C2E5C694-2FCB-4613-9C9D-D35EACFA028D}.Release|iPhone.Deploy.0 = Release|iPhone
		{C2E5C694-2FCB-4613-9C9D-D35EACFA028D}.Release|iPhoneSimulator.ActiveCfg = Release|iPhoneSimulator
		{C2E5C694-2FCB-4613-9C9D-D35EACFA028D}.Release|iPhoneSimulator.Build.0 = Release|iPhoneSimulator
		{C2E5C694-2FCB-4613-9C9D-D35EACFA028D}.Release|iPhoneSimulator.Deploy.0 = Release|iPhoneSimulator
		{205DF2B1-699A-4E6D-A619-6DB7655E0C3F}.Ad-Hoc|Any CPU.ActiveCfg = Debug|Any CPU
		{205DF2B1-699A-4E6D-A619-6DB7655E0C3F}.Ad-Hoc|Any CPU.Build.0 = Debug|Any CPU
		{205DF2B1-699A-4E6D-A619-6DB7655E0C3F}.Ad-Hoc|Any CPU.Deploy.0 = Debug|Any CPU
		{205DF2B1-699A-4E6D-A619-6DB7655E0C3F}.Ad-Hoc|iPhone.ActiveCfg = Debug|Any CPU
		{205DF2B1-699A-4E6D-A619-6DB7655E0C3F}.Ad-Hoc|iPhone.Build.0 = Debug|Any CPU
		{205DF2B1-699A-4E6D-A619-6DB7655E0C3F}.Ad-Hoc|iPhone.Deploy.0 = Debug|Any CPU
		{205DF2B1-699A-4E6D-A619-6DB7655E0C3F}.Ad-Hoc|iPhoneSimulator.ActiveCfg = Debug|Any CPU
		{205DF2B1-699A-4E6D-A619-6DB7655E0C3F}.Ad-Hoc|iPhoneSimulator.Build.0 = Debug|Any CPU
		{205DF2B1-699A-4E6D-A619-6DB7655E0C3F}.Ad-Hoc|iPhoneSimulator.Deploy.0 = Debug|Any CPU
		{205DF2B1-699A-4E6D-A619-6DB7655E0C3F}.AppStore|Any CPU.ActiveCfg = Debug|Any CPU
		{205DF2B1-699A-4E6D-A619-6DB7655E0C3F}.AppStore|Any CPU.Build.0 = Debug|Any CPU
		{205DF2B1-699A-4E6D-A619-6DB7655E0C3F}.AppStore|Any CPU.Deploy.0 = Debug|Any CPU
		{205DF2B1-699A-4E6D-A619-6DB7655E0C3F}.AppStore|iPhone.ActiveCfg = Debug|Any CPU
		{205DF2B1-699A-4E6D-A619-6DB7655E0C3F}.AppStore|iPhone.Build.0 = Debug|Any CPU
		{205DF2B1-699A-4E6D-A619-6DB7655E0C3F}.AppStore|iPhone.Deploy.0 = Debug|Any CPU
		{205DF2B1-699A-4E6D-A619-6DB7655E0C3F}.AppStore|iPhoneSimulator.ActiveCfg = Debug|Any CPU
		{205DF2B1-699A-4E6D-A619-6DB7655E0C3F}.AppStore|iPhoneSimulator.Build.0 = Debug|Any CPU
		{205DF2B1-699A-4E6D-A619-6DB7655E0C3F}.AppStore|iPhoneSimulator.Deploy.0 = Debug|Any CPU
		{205DF2B1-699A-4E6D-A619-6DB7655E0C3F}.Debug|Any CPU.ActiveCfg = Debug|Any CPU
		{205DF2B1-699A-4E6D-A619-6DB7655E0C3F}.Debug|Any CPU.Build.0 = Debug|Any CPU
		{205DF2B1-699A-4E6D-A619-6DB7655E0C3F}.Debug|Any CPU.Deploy.0 = Debug|Any CPU
		{205DF2B1-699A-4E6D-A619-6DB7655E0C3F}.Debug|iPhone.ActiveCfg = Debug|Any CPU
		{205DF2B1-699A-4E6D-A619-6DB7655E0C3F}.Debug|iPhone.Build.0 = Debug|Any CPU
		{205DF2B1-699A-4E6D-A619-6DB7655E0C3F}.Debug|iPhone.Deploy.0 = Debug|Any CPU
		{205DF2B1-699A-4E6D-A619-6DB7655E0C3F}.Debug|iPhoneSimulator.ActiveCfg = Debug|Any CPU
		{205DF2B1-699A-4E6D-A619-6DB7655E0C3F}.Debug|iPhoneSimulator.Build.0 = Debug|Any CPU
		{205DF2B1-699A-4E6D-A619-6DB7655E0C3F}.Debug|iPhoneSimulator.Deploy.0 = Debug|Any CPU
		{205DF2B1-699A-4E6D-A619-6DB7655E0C3F}.Release|Any CPU.ActiveCfg = Release|Any CPU
		{205DF2B1-699A-4E6D-A619-6DB7655E0C3F}.Release|Any CPU.Build.0 = Release|Any CPU
		{205DF2B1-699A-4E6D-A619-6DB7655E0C3F}.Release|Any CPU.Deploy.0 = Release|Any CPU
		{205DF2B1-699A-4E6D-A619-6DB7655E0C3F}.Release|iPhone.ActiveCfg = Release|Any CPU
		{205DF2B1-699A-4E6D-A619-6DB7655E0C3F}.Release|iPhone.Build.0 = Release|Any CPU
		{205DF2B1-699A-4E6D-A619-6DB7655E0C3F}.Release|iPhone.Deploy.0 = Release|Any CPU
		{205DF2B1-699A-4E6D-A619-6DB7655E0C3F}.Release|iPhoneSimulator.ActiveCfg = Release|Any CPU
		{205DF2B1-699A-4E6D-A619-6DB7655E0C3F}.Release|iPhoneSimulator.Build.0 = Release|Any CPU
		{205DF2B1-699A-4E6D-A619-6DB7655E0C3F}.Release|iPhoneSimulator.Deploy.0 = Release|Any CPU
	EndGlobalSection
	GlobalSection(SolutionProperties) = preSolution
		HideSolutionNode = FALSE
	EndGlobalSection
	GlobalSection(ExtensibilityGlobals) = postSolution
		SolutionGuid = {D2F00A94-F39E-482F-8BB3-4D66423A9497}
	EndGlobalSection
EndGlobal
